// !$*UTF8*$!
{
	archiveVersion = 1;
	classes = {
	};
	objectVersion = 46;
	objects = {

/* Begin PBXBuildFile section */
		B85F03961E7FAC5700B211F1 /* main.m in Sources */ = {isa = PBXBuildFile; fileRef = B85F03951E7FAC5700B211F1 /* main.m */; };
		B85F03991E7FAC5700B211F1 /* AppDelegate.m in Sources */ = {isa = PBXBuildFile; fileRef = B85F03981E7FAC5700B211F1 /* AppDelegate.m */; };
		B85F039C1E7FAC5700B211F1 /* ViewController.m in Sources */ = {isa = PBXBuildFile; fileRef = B85F039B1E7FAC5700B211F1 /* ViewController.m */; };
		B85F039F1E7FAC5700B211F1 /* Main.storyboard in Resources */ = {isa = PBXBuildFile; fileRef = B85F039D1E7FAC5700B211F1 /* Main.storyboard */; };
		B85F03A11E7FAC5700B211F1 /* Assets.xcassets in Resources */ = {isa = PBXBuildFile; fileRef = B85F03A01E7FAC5700B211F1 /* Assets.xcassets */; };
		B85F03A41E7FAC5700B211F1 /* LaunchScreen.storyboard in Resources */ = {isa = PBXBuildFile; fileRef = B85F03A21E7FAC5700B211F1 /* LaunchScreen.storyboard */; };
		B85F03AF1E7FAC5700B211F1 /* CRProtocolManagerTests.m in Sources */ = {isa = PBXBuildFile; fileRef = B85F03AE1E7FAC5700B211F1 /* CRProtocolManagerTests.m */; };
		B85F03BA1E7FAC5700B211F1 /* CRProtocolManagerUITests.m in Sources */ = {isa = PBXBuildFile; fileRef = B85F03B91E7FAC5700B211F1 /* CRProtocolManagerUITests.m */; };
/* End PBXBuildFile section */

/* Begin PBXContainerItemProxy section */
		B85F03AB1E7FAC5700B211F1 /* PBXContainerItemProxy */ = {
			isa = PBXContainerItemProxy;
			containerPortal = B85F03891E7FAC5700B211F1 /* Project object */;
			proxyType = 1;
			remoteGlobalIDString = B85F03901E7FAC5700B211F1;
			remoteInfo = CRProtocolManager;
		};
		B85F03B61E7FAC5700B211F1 /* PBXContainerItemProxy */ = {
			isa = PBXContainerItemProxy;
			containerPortal = B85F03891E7FAC5700B211F1 /* Project object */;
			proxyType = 1;
			remoteGlobalIDString = B85F03901E7FAC5700B211F1;
			remoteInfo = CRProtocolManager;
		};
/* End PBXContainerItemProxy section */

/* Begin PBXFileReference section */
		B85F03911E7FAC5700B211F1 /* CRProtocolManager.app */ = {isa = PBXFileReference; explicitFileType = wrapper.application; includeInIndex = 0; path = CRProtocolManager.app; sourceTree = BUILT_PRODUCTS_DIR; };
		B85F03951E7FAC5700B211F1 /* main.m */ = {isa = PBXFileReference; lastKnownFileType = sourcecode.c.objc; path = main.m; sourceTree = "<group>"; };
		B85F03971E7FAC5700B211F1 /* AppDelegate.h */ = {isa = PBXFileReference; lastKnownFileType = sourcecode.c.h; path = AppDelegate.h; sourceTree = "<group>"; };
		B85F03981E7FAC5700B211F1 /* AppDelegate.m */ = {isa = PBXFileReference; lastKnownFileType = sourcecode.c.objc; path = AppDelegate.m; sourceTree = "<group>"; };
		B85F039A1E7FAC5700B211F1 /* ViewController.h */ = {isa = PBXFileReference; lastKnownFileType = sourcecode.c.h; path = ViewController.h; sourceTree = "<group>"; };
		B85F039B1E7FAC5700B211F1 /* ViewController.m */ = {isa = PBXFileReference; lastKnownFileType = sourcecode.c.objc; path = ViewController.m; sourceTree = "<group>"; };
		B85F039E1E7FAC5700B211F1 /* Base */ = {isa = PBXFileReference; lastKnownFileType = file.storyboard; name = Base; path = Base.lproj/Main.storyboard; sourceTree = "<group>"; };
		B85F03A01E7FAC5700B211F1 /* Assets.xcassets */ = {isa = PBXFileReference; lastKnownFileType = folder.assetcatalog; path = Assets.xcassets; sourceTree = "<group>"; };
		B85F03A31E7FAC5700B211F1 /* Base */ = {isa = PBXFileReference; lastKnownFileType = file.storyboard; name = Base; path = Base.lproj/LaunchScreen.storyboard; sourceTree = "<group>"; };
		B85F03A51E7FAC5700B211F1 /* Info.plist */ = {isa = PBXFileReference; lastKnownFileType = text.plist.xml; path = Info.plist; sourceTree = "<group>"; };
		B85F03AA1E7FAC5700B211F1 /* CRProtocolManagerTests.xctest */ = {isa = PBXFileReference; explicitFileType = wrapper.cfbundle; includeInIndex = 0; path = CRProtocolManagerTests.xctest; sourceTree = BUILT_PRODUCTS_DIR; };
		B85F03AE1E7FAC5700B211F1 /* CRProtocolManagerTests.m */ = {isa = PBXFileReference; lastKnownFileType = sourcecode.c.objc; path = CRProtocolManagerTests.m; sourceTree = "<group>"; };
		B85F03B01E7FAC5700B211F1 /* Info.plist */ = {isa = PBXFileReference; lastKnownFileType = text.plist.xml; path = Info.plist; sourceTree = "<group>"; };
		B85F03B51E7FAC5700B211F1 /* CRProtocolManagerUITests.xctest */ = {isa = PBXFileReference; explicitFileType = wrapper.cfbundle; includeInIndex = 0; path = CRProtocolManagerUITests.xctest; sourceTree = BUILT_PRODUCTS_DIR; };
		B85F03B91E7FAC5700B211F1 /* CRProtocolManagerUITests.m */ = {isa = PBXFileReference; lastKnownFileType = sourcecode.c.objc; path = CRProtocolManagerUITests.m; sourceTree = "<group>"; };
		B85F03BB1E7FAC5700B211F1 /* Info.plist */ = {isa = PBXFileReference; lastKnownFileType = text.plist.xml; path = Info.plist; sourceTree = "<group>"; };
/* End PBXFileReference section */

/* Begin PBXFrameworksBuildPhase section */
		B85F038E1E7FAC5700B211F1 /* Frameworks */ = {
			isa = PBXFrameworksBuildPhase;
			buildActionMask = 2147483647;
			files = (
			);
			runOnlyForDeploymentPostprocessing = 0;
		};
		B85F03A71E7FAC5700B211F1 /* Frameworks */ = {
			isa = PBXFrameworksBuildPhase;
			buildActionMask = 2147483647;
			files = (
			);
			runOnlyForDeploymentPostprocessing = 0;
		};
		B85F03B21E7FAC5700B211F1 /* Frameworks */ = {
			isa = PBXFrameworksBuildPhase;
			buildActionMask = 2147483647;
			files = (
			);
			runOnlyForDeploymentPostprocessing = 0;
		};
/* End PBXFrameworksBuildPhase section */

/* Begin PBXGroup section */
		B85F03881E7FAC5700B211F1 = {
			isa = PBXGroup;
			children = (
				B85F03931E7FAC5700B211F1 /* CRProtocolManager */,
				B85F03AD1E7FAC5700B211F1 /* CRProtocolManagerTests */,
				B85F03B81E7FAC5700B211F1 /* CRProtocolManagerUITests */,
				B85F03921E7FAC5700B211F1 /* Products */,
			);
			sourceTree = "<group>";
		};
		B85F03921E7FAC5700B211F1 /* Products */ = {
			isa = PBXGroup;
			children = (
				B85F03911E7FAC5700B211F1 /* CRProtocolManager.app */,
				B85F03AA1E7FAC5700B211F1 /* CRProtocolManagerTests.xctest */,
				B85F03B51E7FAC5700B211F1 /* CRProtocolManagerUITests.xctest */,
			);
			name = Products;
			sourceTree = "<group>";
		};
		B85F03931E7FAC5700B211F1 /* CRProtocolManager */ = {
			isa = PBXGroup;
			children = (
				B85F03971E7FAC5700B211F1 /* AppDelegate.h */,
				B85F03981E7FAC5700B211F1 /* AppDelegate.m */,
				B85F039A1E7FAC5700B211F1 /* ViewController.h */,
				B85F039B1E7FAC5700B211F1 /* ViewController.m */,
				B85F039D1E7FAC5700B211F1 /* Main.storyboard */,
				B85F03A01E7FAC5700B211F1 /* Assets.xcassets */,
				B85F03A21E7FAC5700B211F1 /* LaunchScreen.storyboard */,
				B85F03A51E7FAC5700B211F1 /* Info.plist */,
				B85F03941E7FAC5700B211F1 /* Supporting Files */,
			);
			path = CRProtocolManager;
			sourceTree = "<group>";
		};
		B85F03941E7FAC5700B211F1 /* Supporting Files */ = {
			isa = PBXGroup;
			children = (
				B85F03951E7FAC5700B211F1 /* main.m */,
			);
			name = "Supporting Files";
			sourceTree = "<group>";
		};
		B85F03AD1E7FAC5700B211F1 /* CRProtocolManagerTests */ = {
			isa = PBXGroup;
			children = (
				B85F03AE1E7FAC5700B211F1 /* CRProtocolManagerTests.m */,
				B85F03B01E7FAC5700B211F1 /* Info.plist */,
			);
			path = CRProtocolManagerTests;
			sourceTree = "<group>";
		};
		B85F03B81E7FAC5700B211F1 /* CRProtocolManagerUITests */ = {
			isa = PBXGroup;
			children = (
				B85F03B91E7FAC5700B211F1 /* CRProtocolManagerUITests.m */,
				B85F03BB1E7FAC5700B211F1 /* Info.plist */,
			);
			path = CRProtocolManagerUITests;
			sourceTree = "<group>";
		};
/* End PBXGroup section */

/* Begin PBXNativeTarget section */
		B85F03901E7FAC5700B211F1 /* CRProtocolManager */ = {
			isa = PBXNativeTarget;
			buildConfigurationList = B85F03BE1E7FAC5700B211F1 /* Build configuration list for PBXNativeTarget "CRProtocolManager" */;
			buildPhases = (
				B85F038D1E7FAC5700B211F1 /* Sources */,
				B85F038E1E7FAC5700B211F1 /* Frameworks */,
				B85F038F1E7FAC5700B211F1 /* Resources */,
			);
			buildRules = (
			);
			dependencies = (
			);
			name = CRProtocolManager;
			productName = CRProtocolManager;
			productReference = B85F03911E7FAC5700B211F1 /* CRProtocolManager.app */;
			productType = "com.apple.product-type.application";
		};
		B85F03A91E7FAC5700B211F1 /* CRProtocolManagerTests */ = {
			isa = PBXNativeTarget;
			buildConfigurationList = B85F03C11E7FAC5700B211F1 /* Build configuration list for PBXNativeTarget "CRProtocolManagerTests" */;
			buildPhases = (
				B85F03A61E7FAC5700B211F1 /* Sources */,
				B85F03A71E7FAC5700B211F1 /* Frameworks */,
				B85F03A81E7FAC5700B211F1 /* Resources */,
			);
			buildRules = (
			);
			dependencies = (
				B85F03AC1E7FAC5700B211F1 /* PBXTargetDependency */,
			);
			name = CRProtocolManagerTests;
			productName = CRProtocolManagerTests;
			productReference = B85F03AA1E7FAC5700B211F1 /* CRProtocolManagerTests.xctest */;
			productType = "com.apple.product-type.bundle.unit-test";
		};
		B85F03B41E7FAC5700B211F1 /* CRProtocolManagerUITests */ = {
			isa = PBXNativeTarget;
			buildConfigurationList = B85F03C41E7FAC5700B211F1 /* Build configuration list for PBXNativeTarget "CRProtocolManagerUITests" */;
			buildPhases = (
				B85F03B11E7FAC5700B211F1 /* Sources */,
				B85F03B21E7FAC5700B211F1 /* Frameworks */,
				B85F03B31E7FAC5700B211F1 /* Resources */,
			);
			buildRules = (
			);
			dependencies = (
				B85F03B71E7FAC5700B211F1 /* PBXTargetDependency */,
			);
			name = CRProtocolManagerUITests;
			productName = CRProtocolManagerUITests;
			productReference = B85F03B51E7FAC5700B211F1 /* CRProtocolManagerUITests.xctest */;
			productType = "com.apple.product-type.bundle.ui-testing";
		};
/* End PBXNativeTarget section */

/* Begin PBXProject section */
		B85F03891E7FAC5700B211F1 /* Project object */ = {
			isa = PBXProject;
			attributes = {
				LastUpgradeCheck = 0820;
				ORGANIZATIONNAME = "郭嘉";
				TargetAttributes = {
					B85F03901E7FAC5700B211F1 = {
						CreatedOnToolsVersion = 8.2.1;
						DevelopmentTeam = EN77U3K3VN;
						ProvisioningStyle = Automatic;
					};
					B85F03A91E7FAC5700B211F1 = {
						CreatedOnToolsVersion = 8.2.1;
						DevelopmentTeam = EN77U3K3VN;
						ProvisioningStyle = Automatic;
						TestTargetID = B85F03901E7FAC5700B211F1;
					};
					B85F03B41E7FAC5700B211F1 = {
						CreatedOnToolsVersion = 8.2.1;
						DevelopmentTeam = EN77U3K3VN;
						ProvisioningStyle = Automatic;
						TestTargetID = B85F03901E7FAC5700B211F1;
					};
				};
			};
			buildConfigurationList = B85F038C1E7FAC5700B211F1 /* Build configuration list for PBXProject "CRProtocolManager" */;
			compatibilityVersion = "Xcode 3.2";
			developmentRegion = English;
			hasScannedForEncodings = 0;
			knownRegions = (
				en,
				Base,
			);
			mainGroup = B85F03881E7FAC5700B211F1;
			productRefGroup = B85F03921E7FAC5700B211F1 /* Products */;
			projectDirPath = "";
			projectRoot = "";
			targets = (
				B85F03901E7FAC5700B211F1 /* CRProtocolManager */,
				B85F03A91E7FAC5700B211F1 /* CRProtocolManagerTests */,
				B85F03B41E7FAC5700B211F1 /* CRProtocolManagerUITests */,
			);
		};
/* End PBXProject section */

/* Begin PBXResourcesBuildPhase section */
		B85F038F1E7FAC5700B211F1 /* Resources */ = {
			isa = PBXResourcesBuildPhase;
			buildActionMask = 2147483647;
			files = (
				B85F03A41E7FAC5700B211F1 /* LaunchScreen.storyboard in Resources */,
				B85F03A11E7FAC5700B211F1 /* Assets.xcassets in Resources */,
				B85F039F1E7FAC5700B211F1 /* Main.storyboard in Resources */,
			);
			runOnlyForDeploymentPostprocessing = 0;
		};
		B85F03A81E7FAC5700B211F1 /* Resources */ = {
			isa = PBXResourcesBuildPhase;
			buildActionMask = 2147483647;
			files = (
			);
			runOnlyForDeploymentPostprocessing = 0;
		};
		B85F03B31E7FAC5700B211F1 /* Resources */ = {
			isa = PBXResourcesBuildPhase;
			buildActionMask = 2147483647;
			files = (
			);
			runOnlyForDeploymentPostprocessing = 0;
		};
/* End PBXResourcesBuildPhase section */

/* Begin PBXSourcesBuildPhase section */
		B85F038D1E7FAC5700B211F1 /* Sources */ = {
			isa = PBXSourcesBuildPhase;
			buildActionMask = 2147483647;
			files = (
				B85F039C1E7FAC5700B211F1 /* ViewController.m in Sources */,
				B85F03991E7FAC5700B211F1 /* AppDelegate.m in Sources */,
				B85F03961E7FAC5700B211F1 /* main.m in Sources */,
			);
			runOnlyForDeploymentPostprocessing = 0;
		};
		B85F03A61E7FAC5700B211F1 /* Sources */ = {
			isa = PBXSourcesBuildPhase;
			buildActionMask = 2147483647;
			files = (
				B85F03AF1E7FAC5700B211F1 /* CRProtocolManagerTests.m in Sources */,
			);
			runOnlyForDeploymentPostprocessing = 0;
		};
		B85F03B11E7FAC5700B211F1 /* Sources */ = {
			isa = PBXSourcesBuildPhase;
			buildActionMask = 2147483647;
			files = (
				B85F03BA1E7FAC5700B211F1 /* CRProtocolManagerUITests.m in Sources */,
			);
			runOnlyForDeploymentPostprocessing = 0;
		};
/* End PBXSourcesBuildPhase section */

/* Begin PBXTargetDependency section */
		B85F03AC1E7FAC5700B211F1 /* PBXTargetDependency */ = {
			isa = PBXTargetDependency;
			target = B85F03901E7FAC5700B211F1 /* CRProtocolManager */;
			targetProxy = B85F03AB1E7FAC5700B211F1 /* PBXContainerItemProxy */;
		};
		B85F03B71E7FAC5700B211F1 /* PBXTargetDependency */ = {
			isa = PBXTargetDependency;
			target = B85F03901E7FAC5700B211F1 /* CRProtocolManager */;
			targetProxy = B85F03B61E7FAC5700B211F1 /* PBXContainerItemProxy */;
		};
/* End PBXTargetDependency section */

/* Begin PBXVariantGroup section */
		B85F039D1E7FAC5700B211F1 /* Main.storyboard */ = {
			isa = PBXVariantGroup;
			children = (
				B85F039E1E7FAC5700B211F1 /* Base */,
			);
			name = Main.storyboard;
			sourceTree = "<group>";
		};
		B85F03A21E7FAC5700B211F1 /* LaunchScreen.storyboard */ = {
			isa = PBXVariantGroup;
			children = (
				B85F03A31E7FAC5700B211F1 /* Base */,
			);
			name = LaunchScreen.storyboard;
			sourceTree = "<group>";
		};
/* End PBXVariantGroup section */

/* Begin XCBuildConfiguration section */
		B85F03BC1E7FAC5700B211F1 /* Debug */ = {
			isa = XCBuildConfiguration;
			buildSettings = {
				ALWAYS_SEARCH_USER_PATHS = NO;
				CLANG_ANALYZER_NONNULL = YES;
				CLANG_CXX_LANGUAGE_STANDARD = "gnu++0x";
				CLANG_CXX_LIBRARY = "libc++";
				CLANG_ENABLE_MODULES = YES;
				CLANG_ENABLE_OBJC_ARC = YES;
				CLANG_WARN_BOOL_CONVERSION = YES;
				CLANG_WARN_CONSTANT_CONVERSION = YES;
				CLANG_WARN_DIRECT_OBJC_ISA_USAGE = YES_ERROR;
				CLANG_WARN_DOCUMENTATION_COMMENTS = YES;
				CLANG_WARN_EMPTY_BODY = YES;
				CLANG_WARN_ENUM_CONVERSION = YES;
				CLANG_WARN_INFINITE_RECURSION = YES;
				CLANG_WARN_INT_CONVERSION = YES;
				CLANG_WARN_OBJC_ROOT_CLASS = YES_ERROR;
				CLANG_WARN_SUSPICIOUS_MOVE = YES;
				CLANG_WARN_UNREACHABLE_CODE = YES;
				CLANG_WARN__DUPLICATE_METHOD_MATCH = YES;
				"CODE_SIGN_IDENTITY[sdk=iphoneos*]" = "iPhone Developer";
				COPY_PHASE_STRIP = NO;
				DEBUG_INFORMATION_FORMAT = dwarf;
				ENABLE_STRICT_OBJC_MSGSEND = YES;
				ENABLE_TESTABILITY = YES;
				GCC_C_LANGUAGE_STANDARD = gnu99;
				GCC_DYNAMIC_NO_PIC = NO;
				GCC_NO_COMMON_BLOCKS = YES;
				GCC_OPTIMIZATION_LEVEL = 0;
				GCC_PREPROCESSOR_DEFINITIONS = (
					"DEBUG=1",
					"$(inherited)",
				);
				GCC_WARN_64_TO_32_BIT_CONVERSION = YES;
				GCC_WARN_ABOUT_RETURN_TYPE = YES_ERROR;
				GCC_WARN_UNDECLARED_SELECTOR = YES;
				GCC_WARN_UNINITIALIZED_AUTOS = YES_AGGRESSIVE;
				GCC_WARN_UNUSED_FUNCTION = YES;
				GCC_WARN_UNUSED_VARIABLE = YES;
				IPHONEOS_DEPLOYMENT_TARGET = 10.2;
				MTL_ENABLE_DEBUG_INFO = YES;
				ONLY_ACTIVE_ARCH = YES;
				SDKROOT = iphoneos;
			};
			name = Debug;
		};
		B85F03BD1E7FAC5700B211F1 /* Release */ = {
			isa = XCBuildConfiguration;
			buildSettings = {
				ALWAYS_SEARCH_USER_PATHS = NO;
				CLANG_ANALYZER_NONNULL = YES;
				CLANG_CXX_LANGUAGE_STANDARD = "gnu++0x";
				CLANG_CXX_LIBRARY = "libc++";
				CLANG_ENABLE_MODULES = YES;
				CLANG_ENABLE_OBJC_ARC = YES;
				CLANG_WARN_BOOL_CONVERSION = YES;
				CLANG_WARN_CONSTANT_CONVERSION = YES;
				CLANG_WARN_DIRECT_OBJC_ISA_USAGE = YES_ERROR;
				CLANG_WARN_DOCUMENTATION_COMMENTS = YES;
				CLANG_WARN_EMPTY_BODY = YES;
				CLANG_WARN_ENUM_CONVERSION = YES;
				CLANG_WARN_INFINITE_RECURSION = YES;
				CLANG_WARN_INT_CONVERSION = YES;
				CLANG_WARN_OBJC_ROOT_CLASS = YES_ERROR;
				CLANG_WARN_SUSPICIOUS_MOVE = YES;
				CLANG_WARN_UNREACHABLE_CODE = YES;
				CLANG_WARN__DUPLICATE_METHOD_MATCH = YES;
				"CODE_SIGN_IDENTITY[sdk=iphoneos*]" = "iPhone Developer";
				COPY_PHASE_STRIP = NO;
				DEBUG_INFORMATION_FORMAT = "dwarf-with-dsym";
				ENABLE_NS_ASSERTIONS = NO;
				ENABLE_STRICT_OBJC_MSGSEND = YES;
				GCC_C_LANGUAGE_STANDARD = gnu99;
				GCC_NO_COMMON_BLOCKS = YES;
				GCC_WARN_64_TO_32_BIT_CONVERSION = YES;
				GCC_WARN_ABOUT_RETURN_TYPE = YES_ERROR;
				GCC_WARN_UNDECLARED_SELECTOR = YES;
				GCC_WARN_UNINITIALIZED_AUTOS = YES_AGGRESSIVE;
				GCC_WARN_UNUSED_FUNCTION = YES;
				GCC_WARN_UNUSED_VARIABLE = YES;
				IPHONEOS_DEPLOYMENT_TARGET = 10.2;
				MTL_ENABLE_DEBUG_INFO = NO;
				SDKROOT = iphoneos;
				VALIDATE_PRODUCT = YES;
			};
			name = Release;
		};
		B85F03BF1E7FAC5700B211F1 /* Debug */ = {
			isa = XCBuildConfiguration;
			buildSettings = {
				ASSETCATALOG_COMPILER_APPICON_NAME = AppIcon;
				DEVELOPMENT_TEAM = EN77U3K3VN;
				INFOPLIST_FILE = CRProtocolManager/Info.plist;
				LD_RUNPATH_SEARCH_PATHS = "$(inherited) @executable_path/Frameworks";
				PRODUCT_BUNDLE_IDENTIFIER = com.YYKJ.CRProtocolManager;
				PRODUCT_NAME = "$(TARGET_NAME)";
			};
			name = Debug;
		};
		B85F03C01E7FAC5700B211F1 /* Release */ = {
			isa = XCBuildConfiguration;
			buildSettings = {
				ASSETCATALOG_COMPILER_APPICON_NAME = AppIcon;
				DEVELOPMENT_TEAM = EN77U3K3VN;
				INFOPLIST_FILE = CRProtocolManager/Info.plist;
				LD_RUNPATH_SEARCH_PATHS = "$(inherited) @executable_path/Frameworks";
				PRODUCT_BUNDLE_IDENTIFIER = com.YYKJ.CRProtocolManager;
				PRODUCT_NAME = "$(TARGET_NAME)";
			};
			name = Release;
		};
		B85F03C21E7FAC5700B211F1 /* Debug */ = {
			isa = XCBuildConfiguration;
			buildSettings = {
				BUNDLE_LOADER = "$(TEST_HOST)";
				DEVELOPMENT_TEAM = EN77U3K3VN;
				INFOPLIST_FILE = CRProtocolManagerTests/Info.plist;
				LD_RUNPATH_SEARCH_PATHS = "$(inherited) @executable_path/Frameworks @loader_path/Frameworks";
				PRODUCT_BUNDLE_IDENTIFIER = com.YYKJ.CRProtocolManagerTests;
				PRODUCT_NAME = "$(TARGET_NAME)";
				TEST_HOST = "$(BUILT_PRODUCTS_DIR)/CRProtocolManager.app/CRProtocolManager";
			};
			name = Debug;
		};
		B85F03C31E7FAC5700B211F1 /* Release */ = {
			isa = XCBuildConfiguration;
			buildSettings = {
				BUNDLE_LOADER = "$(TEST_HOST)";
				DEVELOPMENT_TEAM = EN77U3K3VN;
				INFOPLIST_FILE = CRProtocolManagerTests/Info.plist;
				LD_RUNPATH_SEARCH_PATHS = "$(inherited) @executable_path/Frameworks @loader_path/Frameworks";
				PRODUCT_BUNDLE_IDENTIFIER = com.YYKJ.CRProtocolManagerTests;
				PRODUCT_NAME = "$(TARGET_NAME)";
				TEST_HOST = "$(BUILT_PRODUCTS_DIR)/CRProtocolManager.app/CRProtocolManager";
			};
			name = Release;
		};
		B85F03C51E7FAC5700B211F1 /* Debug */ = {
			isa = XCBuildConfiguration;
			buildSettings = {
				DEVELOPMENT_TEAM = EN77U3K3VN;
				INFOPLIST_FILE = CRProtocolManagerUITests/Info.plist;
				LD_RUNPATH_SEARCH_PATHS = "$(inherited) @executable_path/Frameworks @loader_path/Frameworks";
				PRODUCT_BUNDLE_IDENTIFIER = com.YYKJ.CRProtocolManagerUITests;
				PRODUCT_NAME = "$(TARGET_NAME)";
				TEST_TARGET_NAME = CRProtocolManager;
			};
			name = Debug;
		};
		B85F03C61E7FAC5700B211F1 /* Release */ = {
			isa = XCBuildConfiguration;
			buildSettings = {
				DEVELOPMENT_TEAM = EN77U3K3VN;
				INFOPLIST_FILE = CRProtocolManagerUITests/Info.plist;
				LD_RUNPATH_SEARCH_PATHS = "$(inherited) @executable_path/Frameworks @loader_path/Frameworks";
				PRODUCT_BUNDLE_IDENTIFIER = com.YYKJ.CRProtocolManagerUITests;
				PRODUCT_NAME = "$(TARGET_NAME)";
				TEST_TARGET_NAME = CRProtocolManager;
			};
			name = Release;
		};
/* End XCBuildConfiguration section */

/* Begin XCConfigurationList section */
		B85F038C1E7FAC5700B211F1 /* Build configuration list for PBXProject "CRProtocolManager" */ = {
			isa = XCConfigurationList;
			buildConfigurations = (
				B85F03BC1E7FAC5700B211F1 /* Debug */,
				B85F03BD1E7FAC5700B211F1 /* Release */,
			);
			defaultConfigurationIsVisible = 0;
			defaultConfigurationName = Release;
		};
		B85F03BE1E7FAC5700B211F1 /* Build configuration list for PBXNativeTarget "CRProtocolManager" */ = {
			isa = XCConfigurationList;
			buildConfigurations = (
				B85F03BF1E7FAC5700B211F1 /* Debug */,
				B85F03C01E7FAC5700B211F1 /* Release */,
			);
			defaultConfigurationIsVisible = 0;
		};
		B85F03C11E7FAC5700B211F1 /* Build configuration list for PBXNativeTarget "CRProtocolManagerTests" */ = {
			isa = XCConfigurationList;
			buildConfigurations = (
				B85F03C21E7FAC5700B211F1 /* Debug */,
				B85F03C31E7FAC5700B211F1 /* Release */,
			);
			defaultConfigurationIsVisible = 0;
		};
		B85F03C41E7FAC5700B211F1 /* Build configuration list for PBXNativeTarget "CRProtocolManagerUITests" */ = {
			isa = XCConfigurationList;
			buildConfigurations = (
				B85F03C51E7FAC5700B211F1 /* Debug */,
				B85F03C61E7FAC5700B211F1 /* Release */,
			);
			defaultConfigurationIsVisible = 0;
		};
/* End XCConfigurationList section */
	};
	rootObject = B85F03891E7FAC5700B211F1 /* Project object */;
}
